
Microsoft Visual Studio Solution File, Format Version 12.00
# Visual Studio Version 16
VisualStudioVersion = 16.0.30907.101
MinimumVisualStudioVersion = 10.0.40219.1
Project("{9A19103F-16F7-4668-BE54-9A1E7A4F7556}") = "CampIntro", "CampIntro\CampIntro.csproj", "{E16409D8-40EB-4846-AECD-B05DC3A67320}"
EndProject
Project("{9A19103F-16F7-4668-BE54-9A1E7A4F7556}") = "Donguler", "Donguler\Donguler.csproj", "{498F4602-1668-420D-B950-8D481FFF4E3E}"
EndProject
Project("{9A19103F-16F7-4668-BE54-9A1E7A4F7556}") = "Metotlar", "Metotlar\Metotlar.csproj", "{0884A98B-996A-4E57-8A75-9FB303441553}"
EndProject
Project("{9A19103F-16F7-4668-BE54-9A1E7A4F7556}") = "ClassIntro", "ClassIntro\ClassIntro.csproj", "{DB2B0C92-4B9A-4325-BEDF-39737E75EA14}"
EndProject
Project("{9A19103F-16F7-4668-BE54-9A1E7A4F7556}") = "Matematik", "Matematik\Matematik.csproj", "{EC121D6A-7EC5-4BE4-80A8-2614E847839A}"
EndProject
Project("{9A19103F-16F7-4668-BE54-9A1E7A4F7556}") = "DegerVeReferansTipler", "DegerVeReferansTipler\DegerVeReferansTipler.csproj", "{7EB94BF2-8ADE-4299-BB11-D9DBC77EE3C0}"
EndProject
Project("{FAE04EC0-301F-11D3-BF4B-00C04F79EFBC}") = "OOP1", "OOP1\OOP1.csproj", "{D7801590-56C4-4247-ADF1-8F0541B2CB2F}"
EndProject
Global
	GlobalSection(SolutionConfigurationPlatforms) = preSolution
		Debug|Any CPU = Debug|Any CPU
		Release|Any CPU = Release|Any CPU
	EndGlobalSection
	GlobalSection(ProjectConfigurationPlatforms) = postSolution
		{E16409D8-40EB-4846-AECD-B05DC3A67320}.Debug|Any CPU.ActiveCfg = Debug|Any CPU
		{E16409D8-40EB-4846-AECD-B05DC3A67320}.Debug|Any CPU.Build.0 = Debug|Any CPU
		{E16409D8-40EB-4846-AECD-B05DC3A67320}.Release|Any CPU.ActiveCfg = Release|Any CPU
		{E16409D8-40EB-4846-AECD-B05DC3A67320}.Release|Any CPU.Build.0 = Release|Any CPU
		{498F4602-1668-420D-B950-8D481FFF4E3E}.Debug|Any CPU.ActiveCfg = Debug|Any CPU
		{498F4602-1668-420D-B950-8D481FFF4E3E}.Debug|Any CPU.Build.0 = Debug|Any CPU
		{498F4602-1668-420D-B950-8D481FFF4E3E}.Release|Any CPU.ActiveCfg = Release|Any CPU
		{498F4602-1668-420D-B950-8D481FFF4E3E}.Release|Any CPU.Build.0 = Release|Any CPU
		{0884A98B-996A-4E57-8A75-9FB303441553}.Debug|Any CPU.ActiveCfg = Debug|Any CPU
		{0884A98B-996A-4E57-8A75-9FB303441553}.Debug|Any CPU.Build.0 = Debug|Any CPU
		{0884A98B-996A-4E57-8A75-9FB303441553}.Release|Any CPU.ActiveCfg = Release|Any CPU
		{0884A98B-996A-4E57-8A75-9FB303441553}.Release|Any CPU.Build.0 = Release|Any CPU
		{DB2B0C92-4B9A-4325-BEDF-39737E75EA14}.Debug|Any CPU.ActiveCfg = Debug|Any CPU
		{DB2B0C92-4B9A-4325-BEDF-39737E75EA14}.Debug|Any CPU.Build.0 = Debug|Any CPU
		{DB2B0C92-4B9A-4325-BEDF-39737E75EA14}.Release|Any CPU.ActiveCfg = Release|Any CPU
		{DB2B0C92-4B9A-4325-BEDF-39737E75EA14}.Release|Any CPU.Build.0 = Release|Any CPU
		{EC121D6A-7EC5-4BE4-80A8-2614E847839A}.Debug|Any CPU.ActiveCfg = Debug|Any CPU
		{EC121D6A-7EC5-4BE4-80A8-2614E847839A}.Debug|Any CPU.Build.0 = Debug|Any CPU
		{EC121D6A-7EC5-4BE4-80A8-2614E847839A}.Release|Any CPU.ActiveCfg = Release|Any CPU
		{EC121D6A-7EC5-4BE4-80A8-2614E847839A}.Release|Any CPU.Build.0 = Release|Any CPU
		{7EB94BF2-8ADE-4299-BB11-D9DBC77EE3C0}.Debug|Any CPU.ActiveCfg = Debug|Any CPU
		{7EB94BF2-8ADE-4299-BB11-D9DBC77EE3C0}.Debug|Any CPU.Build.0 = Debug|Any CPU
		{7EB94BF2-8ADE-4299-BB11-D9DBC77EE3C0}.Release|Any CPU.ActiveCfg = Release|Any CPU
		{7EB94BF2-8ADE-4299-BB11-D9DBC77EE3C0}.Release|Any CPU.Build.0 = Release|Any CPU
		{D7801590-56C4-4247-ADF1-8F0541B2CB2F}.Debug|Any CPU.ActiveCfg = Debug|Any CPU
		{D7801590-56C4-4247-ADF1-8F0541B2CB2F}.Debug|Any CPU.Build.0 = Debug|Any CPU
		{D7801590-56C4-4247-ADF1-8F0541B2CB2F}.Release|Any CPU.ActiveCfg = Release|Any CPU
		{D7801590-56C4-4247-ADF1-8F0541B2CB2F}.Release|Any CPU.Build.0 = Release|Any CPU
	EndGlobalSection
	GlobalSection(SolutionProperties) = preSolution
		HideSolutionNode = FALSE
	EndGlobalSection
	GlobalSection(ExtensibilityGlobals) = postSolution
		SolutionGuid = {CDA5BF5A-F43D-4B62-AF4C-62A674C8DEB3}
	EndGlobalSection
EndGlobal
