
Microsoft Visual Studio Solution File, Format Version 12.00
# Visual Studio Version 16
VisualStudioVersion = 16.0.30907.101
MinimumVisualStudioVersion = 10.0.40219.1
Project("{9A19103F-16F7-4668-BE54-9A1E7A4F7556}") = "Donguler", "Donguler\Donguler.csproj", "{498F4602-1668-420D-B950-8D481FFF4E3E}"
EndProject
Project("{9A19103F-16F7-4668-BE54-9A1E7A4F7556}") = "Matematik", "Matematik\Matematik.csproj", "{EC121D6A-7EC5-4BE4-80A8-2614E847839A}"
EndProject
Project("{9A19103F-16F7-4668-BE54-9A1E7A4F7556}") = "DegerVeReferansTipler", "DegerVeReferansTipler\DegerVeReferansTipler.csproj", "{7EB94BF2-8ADE-4299-BB11-D9DBC77EE3C0}"
EndProject
Global
	GlobalSection(SolutionConfigurationPlatforms) = preSolution
		Debug|Any CPU = Debug|Any CPU
		Release|Any CPU = Release|Any CPU
	EndGlobalSection
	GlobalSection(ProjectConfigurationPlatforms) = postSolution
		{498F4602-1668-420D-B950-8D481FFF4E3E}.Debug|Any CPU.ActiveCfg = Debug|Any CPU
		{498F4602-1668-420D-B950-8D481FFF4E3E}.Debug|Any CPU.Build.0 = Debug|Any CPU
		{498F4602-1668-420D-B950-8D481FFF4E3E}.Release|Any CPU.ActiveCfg = Release|Any CPU
		{498F4602-1668-420D-B950-8D481FFF4E3E}.Release|Any CPU.Build.0 = Release|Any CPU
		{EC121D6A-7EC5-4BE4-80A8-2614E847839A}.Debug|Any CPU.ActiveCfg = Debug|Any CPU
		{EC121D6A-7EC5-4BE4-80A8-2614E847839A}.Debug|Any CPU.Build.0 = Debug|Any CPU
		{EC121D6A-7EC5-4BE4-80A8-2614E847839A}.Release|Any CPU.ActiveCfg = Release|Any CPU
		{EC121D6A-7EC5-4BE4-80A8-2614E847839A}.Release|Any CPU.Build.0 = Release|Any CPU
		{7EB94BF2-8ADE-4299-BB11-D9DBC77EE3C0}.Debug|Any CPU.ActiveCfg = Debug|Any CPU
		{7EB94BF2-8ADE-4299-BB11-D9DBC77EE3C0}.Debug|Any CPU.Build.0 = Debug|Any CPU
		{7EB94BF2-8ADE-4299-BB11-D9DBC77EE3C0}.Release|Any CPU.ActiveCfg = Release|Any CPU
		{7EB94BF2-8ADE-4299-BB11-D9DBC77EE3C0}.Release|Any CPU.Build.0 = Release|Any CPU
	EndGlobalSection
	GlobalSection(SolutionProperties) = preSolution
		HideSolutionNode = FALSE
	EndGlobalSection
	GlobalSection(ExtensibilityGlobals) = postSolution
		SolutionGuid = {CDA5BF5A-F43D-4B62-AF4C-62A674C8DEB3}
	EndGlobalSection
EndGlobal
